
Microsoft Visual Studio Solution File, Format Version 12.00
# Visual Studio Version 17
VisualStudioVersion = 17.0.31903.59
MinimumVisualStudioVersion = 10.0.40219.1
Project("{9A19103F-16F7-4668-BE54-9A1E7A4F7556}") = "TestAction", "src\TestAction\TestAction.csproj", "{83B53AF5-DAE2-44C9-BD05-B8C4508D66DC}"
EndProject
Project("{FAE04EC0-301F-11D3-BF4B-00C04F79EFBC}") = "TestAction1111", "src\TestAction1111\TestAction1111.csproj", "{BD7400E8-8B3C-4B4F-9013-29AFF2AB0F07}"
EndProject
Global
	GlobalSection(SolutionConfigurationPlatforms) = preSolution
		Debug|Any CPU = Debug|Any CPU
		Release|Any CPU = Release|Any CPU
	EndGlobalSection
	GlobalSection(ProjectConfigurationPlatforms) = postSolution
		{83B53AF5-DAE2-44C9-BD05-B8C4508D66DC}.Debug|Any CPU.ActiveCfg = Debug|Any CPU
		{83B53AF5-DAE2-44C9-BD05-B8C4508D66DC}.Debug|Any CPU.Build.0 = Debug|Any CPU
		{83B53AF5-DAE2-44C9-BD05-B8C4508D66DC}.Release|Any CPU.ActiveCfg = Release|Any CPU
		{83B53AF5-DAE2-44C9-BD05-B8C4508D66DC}.Release|Any CPU.Build.0 = Release|Any CPU
		{BD7400E8-8B3C-4B4F-9013-29AFF2AB0F07}.Debug|Any CPU.ActiveCfg = Debug|Any CPU
		{BD7400E8-8B3C-4B4F-9013-29AFF2AB0F07}.Debug|Any CPU.Build.0 = Debug|Any CPU
		{BD7400E8-8B3C-4B4F-9013-29AFF2AB0F07}.Release|Any CPU.ActiveCfg = Release|Any CPU
		{BD7400E8-8B3C-4B4F-9013-29AFF2AB0F07}.Release|Any CPU.Build.0 = Release|Any CPU
	EndGlobalSection
	GlobalSection(SolutionProperties) = preSolution
		HideSolutionNode = FALSE
	EndGlobalSection
	GlobalSection(ExtensibilityGlobals) = postSolution
		SolutionGuid = {295C99A2-F681-4128-9E8F-7BDF4E960682}
	EndGlobalSection
EndGlobal
