
Microsoft Visual Studio Solution File, Format Version 12.00
# Visual Studio Version 17
VisualStudioVersion = 17.0.31903.59
MinimumVisualStudioVersion = 10.0.40219.1
Project("{FAE04EC0-301F-11D3-BF4B-00C04F79EFBC}") = "TestAction", "..\Source\TestAction\TestAction\TestAction.csproj", "{35734308-A137-4316-925A-DBDBFF82B080}"
EndProject
Global
	GlobalSection(SolutionConfigurationPlatforms) = preSolution
		Debug|Any CPU = Debug|Any CPU
		Release|Any CPU = Release|Any CPU
	EndGlobalSection
	GlobalSection(ProjectConfigurationPlatforms) = postSolution
		{35734308-A137-4316-925A-DBDBFF82B080}.Debug|Any CPU.ActiveCfg = Debug|Any CPU
		{35734308-A137-4316-925A-DBDBFF82B080}.Debug|Any CPU.Build.0 = Debug|Any CPU
		{35734308-A137-4316-925A-DBDBFF82B080}.Release|Any CPU.ActiveCfg = Release|Any CPU
		{35734308-A137-4316-925A-DBDBFF82B080}.Release|Any CPU.Build.0 = Release|Any CPU
	EndGlobalSection
	GlobalSection(SolutionProperties) = preSolution
		HideSolutionNode = FALSE
	EndGlobalSection
	GlobalSection(ExtensibilityGlobals) = postSolution
		SolutionGuid = {295C99A2-F681-4128-9E8F-7BDF4E960682}
	EndGlobalSection
EndGlobal
